// !$*UTF8*$!
{
	archiveVersion = 1;
	classes = {
	};
	objectVersion = 46;
	objects = {

/* Begin PBXBuildFile section */
		934444851F65BF26003A0C59 /* AppDelegate.swift in Sources */ = {isa = PBXBuildFile; fileRef = 934444841F65BF26003A0C59 /* AppDelegate.swift */; };
		934444871F65BF26003A0C59 /* ViewController.swift in Sources */ = {isa = PBXBuildFile; fileRef = 934444861F65BF26003A0C59 /* ViewController.swift */; };
		9344448A1F65BF26003A0C59 /* Main.storyboard in Resources */ = {isa = PBXBuildFile; fileRef = 934444881F65BF26003A0C59 /* Main.storyboard */; };
		9344448C1F65BF26003A0C59 /* Assets.xcassets in Resources */ = {isa = PBXBuildFile; fileRef = 9344448B1F65BF26003A0C59 /* Assets.xcassets */; };
		9344448F1F65BF26003A0C59 /* LaunchScreen.storyboard in Resources */ = {isa = PBXBuildFile; fileRef = 9344448D1F65BF26003A0C59 /* LaunchScreen.storyboard */; };
		934444971F65D1CE003A0C59 /* CountdownViewController.swift in Sources */ = {isa = PBXBuildFile; fileRef = 934444961F65D1CE003A0C59 /* CountdownViewController.swift */; };
		934444991F66248E003A0C59 /* FireworksModel.swift in Sources */ = {isa = PBXBuildFile; fileRef = 934444981F66248E003A0C59 /* FireworksModel.swift */; };
/* End PBXBuildFile section */

/* Begin PBXFileReference section */
		934444811F65BF26003A0C59 /* Fireworks.app */ = {isa = PBXFileReference; explicitFileType = wrapper.application; includeInIndex = 0; path = Fireworks.app; sourceTree = BUILT_PRODUCTS_DIR; };
		934444841F65BF26003A0C59 /* AppDelegate.swift */ = {isa = PBXFileReference; lastKnownFileType = sourcecode.swift; path = AppDelegate.swift; sourceTree = "<group>"; };
		934444861F65BF26003A0C59 /* ViewController.swift */ = {isa = PBXFileReference; lastKnownFileType = sourcecode.swift; path = ViewController.swift; sourceTree = "<group>"; };
		934444891F65BF26003A0C59 /* Base */ = {isa = PBXFileReference; lastKnownFileType = file.storyboard; name = Base; path = Base.lproj/Main.storyboard; sourceTree = "<group>"; };
		9344448B1F65BF26003A0C59 /* Assets.xcassets */ = {isa = PBXFileReference; lastKnownFileType = folder.assetcatalog; path = Assets.xcassets; sourceTree = "<group>"; };
		9344448E1F65BF26003A0C59 /* Base */ = {isa = PBXFileReference; lastKnownFileType = file.storyboard; name = Base; path = Base.lproj/LaunchScreen.storyboard; sourceTree = "<group>"; };
		934444901F65BF26003A0C59 /* Info.plist */ = {isa = PBXFileReference; lastKnownFileType = text.plist.xml; path = Info.plist; sourceTree = "<group>"; };
		934444961F65D1CE003A0C59 /* CountdownViewController.swift */ = {isa = PBXFileReference; fileEncoding = 4; lastKnownFileType = sourcecode.swift; path = CountdownViewController.swift; sourceTree = "<group>"; };
		934444981F66248E003A0C59 /* FireworksModel.swift */ = {isa = PBXFileReference; fileEncoding = 4; lastKnownFileType = sourcecode.swift; path = FireworksModel.swift; sourceTree = "<group>"; };
/* End PBXFileReference section */

/* Begin PBXFrameworksBuildPhase section */
		9344447E1F65BF26003A0C59 /* Frameworks */ = {
			isa = PBXFrameworksBuildPhase;
			buildActionMask = 2147483647;
			files = (
			);
			runOnlyForDeploymentPostprocessing = 0;
		};
/* End PBXFrameworksBuildPhase section */

/* Begin PBXGroup section */
		934444781F65BF26003A0C59 = {
			isa = PBXGroup;
			children = (
				934444831F65BF26003A0C59 /* Fireworks */,
				934444821F65BF26003A0C59 /* Products */,
			);
			sourceTree = "<group>";
		};
		934444821F65BF26003A0C59 /* Products */ = {
			isa = PBXGroup;
			children = (
				934444811F65BF26003A0C59 /* Fireworks.app */,
			);
			name = Products;
			sourceTree = "<group>";
		};
		934444831F65BF26003A0C59 /* Fireworks */ = {
			isa = PBXGroup;
			children = (
				934444841F65BF26003A0C59 /* AppDelegate.swift */,
				934444861F65BF26003A0C59 /* ViewController.swift */,
				934444881F65BF26003A0C59 /* Main.storyboard */,
				934444961F65D1CE003A0C59 /* CountdownViewController.swift */,
				934444981F66248E003A0C59 /* FireworksModel.swift */,
				9344448B1F65BF26003A0C59 /* Assets.xcassets */,
				9344448D1F65BF26003A0C59 /* LaunchScreen.storyboard */,
				934444901F65BF26003A0C59 /* Info.plist */,
			);
			path = Fireworks;
			sourceTree = "<group>";
		};
/* End PBXGroup section */

/* Begin PBXNativeTarget section */
		934444801F65BF26003A0C59 /* Fireworks */ = {
			isa = PBXNativeTarget;
			buildConfigurationList = 934444931F65BF26003A0C59 /* Build configuration list for PBXNativeTarget "Fireworks" */;
			buildPhases = (
				9344447D1F65BF26003A0C59 /* Sources */,
				9344447E1F65BF26003A0C59 /* Frameworks */,
				9344447F1F65BF26003A0C59 /* Resources */,
			);
			buildRules = (
			);
			dependencies = (
			);
			name = Fireworks;
			productName = Fireworks;
			productReference = 934444811F65BF26003A0C59 /* Fireworks.app */;
			productType = "com.apple.product-type.application";
		};
/* End PBXNativeTarget section */

/* Begin PBXProject section */
		934444791F65BF26003A0C59 /* Project object */ = {
			isa = PBXProject;
			attributes = {
				LastSwiftUpdateCheck = 0830;
				LastUpgradeCheck = 0830;
				ORGANIZATIONNAME = "Mary Niederschmidt";
				TargetAttributes = {
					934444801F65BF26003A0C59 = {
						CreatedOnToolsVersion = 8.3.3;
						ProvisioningStyle = Automatic;
					};
				};
			};
			buildConfigurationList = 9344447C1F65BF26003A0C59 /* Build configuration list for PBXProject "Fireworks" */;
			compatibilityVersion = "Xcode 3.2";
			developmentRegion = English;
			hasScannedForEncodings = 0;
			knownRegions = (
				en,
				Base,
			);
			mainGroup = 934444781F65BF26003A0C59;
			productRefGroup = 934444821F65BF26003A0C59 /* Products */;
			projectDirPath = "";
			projectRoot = "";
			targets = (
				934444801F65BF26003A0C59 /* Fireworks */,
			);
		};
/* End PBXProject section */

/* Begin PBXResourcesBuildPhase section */
		9344447F1F65BF26003A0C59 /* Resources */ = {
			isa = PBXResourcesBuildPhase;
			buildActionMask = 2147483647;
			files = (
				9344448F1F65BF26003A0C59 /* LaunchScreen.storyboard in Resources */,
				9344448C1F65BF26003A0C59 /* Assets.xcassets in Resources */,
				9344448A1F65BF26003A0C59 /* Main.storyboard in Resources */,
			);
			runOnlyForDeploymentPostprocessing = 0;
		};
/* End PBXResourcesBuildPhase section */

/* Begin PBXSourcesBuildPhase section */
		9344447D1F65BF26003A0C59 /* Sources */ = {
			isa = PBXSourcesBuildPhase;
			buildActionMask = 2147483647;
			files = (
				934444991F66248E003A0C59 /* FireworksModel.swift in Sources */,
				934444971F65D1CE003A0C59 /* CountdownViewController.swift in Sources */,
				934444871F65BF26003A0C59 /* ViewController.swift in Sources */,
				934444851F65BF26003A0C59 /* AppDelegate.swift in Sources */,
			);
			runOnlyForDeploymentPostprocessing = 0;
		};
/* End PBXSourcesBuildPhase section */

/* Begin PBXVariantGroup section */
		934444881F65BF26003A0C59 /* Main.storyboard */ = {
			isa = PBXVariantGroup;
			children = (
				934444891F65BF26003A0C59 /* Base */,
			);
			name = Main.storyboard;
			sourceTree = "<group>";
		};
		9344448D1F65BF26003A0C59 /* LaunchScreen.storyboard */ = {
			isa = PBXVariantGroup;
			children = (
				9344448E1F65BF26003A0C59 /* Base */,
			);
			name = LaunchScreen.storyboard;
			sourceTree = "<group>";
		};
/* End PBXVariantGroup section */

/* Begin XCBuildConfiguration section */
		934444911F65BF26003A0C59 /* Debug */ = {
			isa = XCBuildConfiguration;
			buildSettings = {
				ALWAYS_SEARCH_USER_PATHS = NO;
				CLANG_ANALYZER_NONNULL = YES;
				CLANG_ANALYZER_NUMBER_OBJECT_CONVERSION = YES_AGGRESSIVE;
				CLANG_CXX_LANGUAGE_STANDARD = "gnu++0x";
				CLANG_CXX_LIBRARY = "libc++";
				CLANG_ENABLE_MODULES = YES;
				CLANG_ENABLE_OBJC_ARC = YES;
				CLANG_WARN_BOOL_CONVERSION = YES;
				CLANG_WARN_CONSTANT_CONVERSION = YES;
				CLANG_WARN_DIRECT_OBJC_ISA_USAGE = YES_ERROR;
				CLANG_WARN_DOCUMENTATION_COMMENTS = YES;
				CLANG_WARN_EMPTY_BODY = YES;
				CLANG_WARN_ENUM_CONVERSION = YES;
				CLANG_WARN_INFINITE_RECURSION = YES;
				CLANG_WARN_INT_CONVERSION = YES;
				CLANG_WARN_OBJC_ROOT_CLASS = YES_ERROR;
				CLANG_WARN_SUSPICIOUS_MOVE = YES;
				CLANG_WARN_UNREACHABLE_CODE = YES;
				CLANG_WARN__DUPLICATE_METHOD_MATCH = YES;
				"CODE_SIGN_IDENTITY[sdk=iphoneos*]" = "iPhone Developer";
				COPY_PHASE_STRIP = NO;
				DEBUG_INFORMATION_FORMAT = dwarf;
				ENABLE_STRICT_OBJC_MSGSEND = YES;
				ENABLE_TESTABILITY = YES;
				GCC_C_LANGUAGE_STANDARD = gnu99;
				GCC_DYNAMIC_NO_PIC = NO;
				GCC_NO_COMMON_BLOCKS = YES;
				GCC_OPTIMIZATION_LEVEL = 0;
				GCC_PREPROCESSOR_DEFINITIONS = (
					"DEBUG=1",
					"$(inherited)",
				);
				GCC_WARN_64_TO_32_BIT_CONVERSION = YES;
				GCC_WARN_ABOUT_RETURN_TYPE = YES_ERROR;
				GCC_WARN_UNDECLARED_SELECTOR = YES;
				GCC_WARN_UNINITIALIZED_AUTOS = YES_AGGRESSIVE;
				GCC_WARN_UNUSED_FUNCTION = YES;
				GCC_WARN_UNUSED_VARIABLE = YES;
				IPHONEOS_DEPLOYMENT_TARGET = 10.3;
				MTL_ENABLE_DEBUG_INFO = YES;
				ONLY_ACTIVE_ARCH = YES;
				SDKROOT = iphoneos;
				SWIFT_ACTIVE_COMPILATION_CONDITIONS = DEBUG;
				SWIFT_OPTIMIZATION_LEVEL = "-Onone";
				TARGETED_DEVICE_FAMILY = "1,2";
			};
			name = Debug;
		};
		934444921F65BF26003A0C59 /* Release */ = {
			isa = XCBuildConfiguration;
			buildSettings = {
				ALWAYS_SEARCH_USER_PATHS = NO;
				CLANG_ANALYZER_NONNULL = YES;
				CLANG_ANALYZER_NUMBER_OBJECT_CONVERSION = YES_AGGRESSIVE;
				CLANG_CXX_LANGUAGE_STANDARD = "gnu++0x";
				CLANG_CXX_LIBRARY = "libc++";
				CLANG_ENABLE_MODULES = YES;
				CLANG_ENABLE_OBJC_ARC = YES;
				CLANG_WARN_BOOL_CONVERSION = YES;
				CLANG_WARN_CONSTANT_CONVERSION = YES;
				CLANG_WARN_DIRECT_OBJC_ISA_USAGE = YES_ERROR;
				CLANG_WARN_DOCUMENTATION_COMMENTS = YES;
				CLANG_WARN_EMPTY_BODY = YES;
				CLANG_WARN_ENUM_CONVERSION = YES;
				CLANG_WARN_INFINITE_RECURSION = YES;
				CLANG_WARN_INT_CONVERSION = YES;
				CLANG_WARN_OBJC_ROOT_CLASS = YES_ERROR;
				CLANG_WARN_SUSPICIOUS_MOVE = YES;
				CLANG_WARN_UNREACHABLE_CODE = YES;
				CLANG_WARN__DUPLICATE_METHOD_MATCH = YES;
				"CODE_SIGN_IDENTITY[sdk=iphoneos*]" = "iPhone Developer";
				COPY_PHASE_STRIP = NO;
				DEBUG_INFORMATION_FORMAT = "dwarf-with-dsym";
				ENABLE_NS_ASSERTIONS = NO;
				ENABLE_STRICT_OBJC_MSGSEND = YES;
				GCC_C_LANGUAGE_STANDARD = gnu99;
				GCC_NO_COMMON_BLOCKS = YES;
				GCC_WARN_64_TO_32_BIT_CONVERSION = YES;
				GCC_WARN_ABOUT_RETURN_TYPE = YES_ERROR;
				GCC_WARN_UNDECLARED_SELECTOR = YES;
				GCC_WARN_UNINITIALIZED_AUTOS = YES_AGGRESSIVE;
				GCC_WARN_UNUSED_FUNCTION = YES;
				GCC_WARN_UNUSED_VARIABLE = YES;
				IPHONEOS_DEPLOYMENT_TARGET = 10.3;
				MTL_ENABLE_DEBUG_INFO = NO;
				SDKROOT = iphoneos;
				SWIFT_OPTIMIZATION_LEVEL = "-Owholemodule";
				TARGETED_DEVICE_FAMILY = "1,2";
				VALIDATE_PRODUCT = YES;
			};
			name = Release;
		};
		934444941F65BF26003A0C59 /* Debug */ = {
			isa = XCBuildConfiguration;
			buildSettings = {
				ASSETCATALOG_COMPILER_APPICON_NAME = AppIcon;
				INFOPLIST_FILE = Fireworks/Info.plist;
				LD_RUNPATH_SEARCH_PATHS = "$(inherited) @executable_path/Frameworks";
				PRODUCT_BUNDLE_IDENTIFIER = org.launchcode.Fireworks;
				PRODUCT_NAME = "$(TARGET_NAME)";
				SWIFT_VERSION = 3.0;
			};
			name = Debug;
		};
		934444951F65BF26003A0C59 /* Release */ = {
			isa = XCBuildConfiguration;
			buildSettings = {
				ASSETCATALOG_COMPILER_APPICON_NAME = AppIcon;
				INFOPLIST_FILE = Fireworks/Info.plist;
				LD_RUNPATH_SEARCH_PATHS = "$(inherited) @executable_path/Frameworks";
				PRODUCT_BUNDLE_IDENTIFIER = org.launchcode.Fireworks;
				PRODUCT_NAME = "$(TARGET_NAME)";
				SWIFT_VERSION = 3.0;
			};
			name = Release;
		};
/* End XCBuildConfiguration section */

/* Begin XCConfigurationList section */
		9344447C1F65BF26003A0C59 /* Build configuration list for PBXProject "Fireworks" */ = {
			isa = XCConfigurationList;
			buildConfigurations = (
				934444911F65BF26003A0C59 /* Debug */,
				934444921F65BF26003A0C59 /* Release */,
			);
			defaultConfigurationIsVisible = 0;
			defaultConfigurationName = Release;
		};
		934444931F65BF26003A0C59 /* Build configuration list for PBXNativeTarget "Fireworks" */ = {
			isa = XCConfigurationList;
			buildConfigurations = (
				934444941F65BF26003A0C59 /* Debug */,
				934444951F65BF26003A0C59 /* Release */,
			);
			defaultConfigurationIsVisible = 0;
		};
/* End XCConfigurationList section */
	};
	rootObject = 934444791F65BF26003A0C59 /* Project object */;
}
